
Microsoft Visual Studio Solution File, Format Version 12.00
# Visual Studio Version 17
VisualStudioVersion = 17.3.32929.385
MinimumVisualStudioVersion = 10.0.40219.1
Project("{8BC9CEB8-8B4A-11D0-8D11-00A0C91BC942}") = "OpenGL_2", "OpenGL_2\OpenGL_2.vcxproj", "{5BD08B63-DCCF-4486-8CF5-9DABFA2C0827}"
EndProject
Global
	GlobalSection(SolutionConfigurationPlatforms) = preSolution
		Debug|x64 = Debug|x64
		Debug|x86 = Debug|x86
		Release|x64 = Release|x64
		Release|x86 = Release|x86
	EndGlobalSection
	GlobalSection(ProjectConfigurationPlatforms) = postSolution
		{5BD08B63-DCCF-4486-8CF5-9DABFA2C0827}.Debug|x64.ActiveCfg = Debug|x64
		{5BD08B63-DCCF-4486-8CF5-9DABFA2C0827}.Debug|x64.Build.0 = Debug|x64
		{5BD08B63-DCCF-4486-8CF5-9DABFA2C0827}.Debug|x86.ActiveCfg = Debug|Win32
		{5BD08B63-DCCF-4486-8CF5-9DABFA2C0827}.Debug|x86.Build.0 = Debug|Win32
		{5BD08B63-DCCF-4486-8CF5-9DABFA2C0827}.Release|x64.ActiveCfg = Release|x64
		{5BD08B63-DCCF-4486-8CF5-9DABFA2C0827}.Release|x64.Build.0 = Release|x64
		{5BD08B63-DCCF-4486-8CF5-9DABFA2C0827}.Release|x86.ActiveCfg = Release|Win32
		{5BD08B63-DCCF-4486-8CF5-9DABFA2C0827}.Release|x86.Build.0 = Release|Win32
	EndGlobalSection
	GlobalSection(SolutionProperties) = preSolution
		HideSolutionNode = FALSE
	EndGlobalSection
	GlobalSection(ExtensibilityGlobals) = postSolution
		SolutionGuid = {ABF6A766-C325-46FE-A72A-F6D957C4AFC2}
	EndGlobalSection
EndGlobal
